github.com/antlr4-go/antlr/v4 v4.13.1 h1:SqQKkuVZ+zWkMMNkjy5FZe5mr5WURWnlpmOuzYWrPrQ=
github.com/antlr4-go/antlr/v4 v4.13.1/go.mod h1:GKmUxMtwp6ZgGwZSva4eWPC5mS6vUAmOABFgjdkM7Nw=
github.com/cybergarage/go-safecast v1.2.5 h1:ZDiKmdsE15RTKETRXKAKbYTDIhAzNONwJEfCaxmhkvU=
github.com/cybergarage/go-safecast v1.2.5/go.mod h1:fw2lE/5DIOjmyPj5kx0aYZSAL2bSFoh/Zith5TWVTz8=
github.com/cybergarage/go-tracing v1.1.4 h1:J/9U1fDB0uGfRx1O4MQl8qgBDCZzNIFoPKYbhRPRoIo=
github.com/cybergarage/go-tracing v1.1.4/go.mod h1:nG0apSs80pTvlBgYHvGIKpGyoM6mHHxfzkqcb9/vHZ8=
github.com/cybergarage/go-tracing v1.1.5 h1:woJLmGqTcRVpRQlOB3GqOwhujdZYUoIRr+XmdN3vhKg=
github.com/cybergarage/go-tracing v1.1.5/go.mod h1:IhFImrr4JiKX88SPNyCPklWSlJdGFW2VdvyjsTcWs1Q=
github.com/google/uuid v1.6.0 h1:NIvaJDMOsjHA8n1jAhLSgzrAzy1Hgr+hNrb57e+94F0=
github.com/google/uuid v1.6.0/go.mod h1:TIyPZe4MgqvfeYDBFedMoGGpEw/LqOeaOT+nhxU+yHo=
golang.org/x/exp v0.0.0-20250218142911-aa4b98e5adaa h1:t2QcU6V556bFjYgu4L6C+6VrCPyJZ+eyRsABUPs1mz4=
golang.org/x/exp v0.0.0-20250218142911-aa4b98e5adaa/go.mod h1:BHOTPb3L19zxehTsLoJXVaTktb06DFgmdW6Wb9s8jqk=
golang.org/x/exp v0.0.0-20250408133849-7e4ce0ab07d0 h1:R84qjqJb5nVJMxqWYb3np9L5ZsaDtB+a39EqjV0JSUM=
golang.org/x/exp v0.0.0-20250408133849-7e4ce0ab07d0/go.mod h1:S9Xr4PYopiDyqSyp5NjCrhFrqg6A5zA2E/iPHPhqnS8=
