github.com/antlr4-go/antlr/v4 v4.13.1 h1:SqQKkuVZ+zWkMMNkjy5FZe5mr5WURWnlpmOuzYWrPrQ=
github.com/antlr4-go/antlr/v4 v4.13.1/go.mod h1:GKmUxMtwp6ZgGwZSva4eWPC5mS6vUAmOABFgjdkM7Nw=
github.com/cybergarage/go-logger v1.3.12 h1:jGQHdG0M0Urc8GJtILPT5nz/s0PiP/vW5Rt5SEoE56U=
github.com/cybergarage/go-logger v1.3.12/go.mod h1:3/G/eFtmCZDWlw6+D6tJHffynx0Qe8sMWHXojwLN/Pg=
github.com/cybergarage/go-safecast v1.3.5 h1:dCroj5TEEhwLVMGCzWQgQLBrtbSWTb8JNw/8UQMtt1E=
github.com/cybergarage/go-safecast v1.3.5/go.mod h1:1Ds38TLydkKlIe7hXG3Zy/I1JmwaN9OuWLP0psFi3X0=
github.com/cybergarage/go-tracing v1.1.5 h1:woJLmGqTcRVpRQlOB3GqOwhujdZYUoIRr+XmdN3vhKg=
github.com/cybergarage/go-tracing v1.1.5/go.mod h1:IhFImrr4JiKX88SPNyCPklWSlJdGFW2VdvyjsTcWs1Q=
github.com/google/uuid v1.6.0 h1:NIvaJDMOsjHA8n1jAhLSgzrAzy1Hgr+hNrb57e+94F0=
github.com/google/uuid v1.6.0/go.mod h1:TIyPZe4MgqvfeYDBFedMoGGpEw/LqOeaOT+nhxU+yHo=
golang.org/x/exp v0.0.0-20260112195511-716be5621a96 h1:Z/6YuSHTLOHfNFdb8zVZomZr7cqNgTJvA8+Qz75D8gU=
golang.org/x/exp v0.0.0-20260112195511-716be5621a96/go.mod h1:nzimsREAkjBCIEFtHiYkrJyT+2uy9YZJB7H1k68CXZU=
